// !$*UTF8*$!
{
	archiveVersion = 1;
	classes = {
	};
	objectVersion = 46;
	objects = {

/* Begin PBXBuildFile section */
		5468173A18204FBD0069B31C /* Foundation.framework in Frameworks */ = {isa = PBXBuildFile; fileRef = 5468173918204FBD0069B31C /* Foundation.framework */; };
		5468173C18204FBD0069B31C /* CoreGraphics.framework in Frameworks */ = {isa = PBXBuildFile; fileRef = 5468173B18204FBD0069B31C /* CoreGraphics.framework */; };
		5468173E18204FBD0069B31C /* UIKit.framework in Frameworks */ = {isa = PBXBuildFile; fileRef = 5468173D18204FBD0069B31C /* UIKit.framework */; };
		5468174418204FBD0069B31C /* InfoPlist.strings in Resources */ = {isa = PBXBuildFile; fileRef = 5468174218204FBD0069B31C /* InfoPlist.strings */; };
		5468174618204FBD0069B31C /* main.m in Sources */ = {isa = PBXBuildFile; fileRef = 5468174518204FBD0069B31C /* main.m */; };
		5468174A18204FBD0069B31C /* RSSFeedAppDelegate.m in Sources */ = {isa = PBXBuildFile; fileRef = 5468174918204FBD0069B31C /* RSSFeedAppDelegate.m */; };
		5468174D18204FBD0069B31C /* Main.storyboard in Resources */ = {isa = PBXBuildFile; fileRef = 5468174B18204FBD0069B31C /* Main.storyboard */; };
		5468175018204FBD0069B31C /* RSSFeedViewController.m in Sources */ = {isa = PBXBuildFile; fileRef = 5468174F18204FBD0069B31C /* RSSFeedViewController.m */; };
		5468175218204FBD0069B31C /* Images.xcassets in Resources */ = {isa = PBXBuildFile; fileRef = 5468175118204FBD0069B31C /* Images.xcassets */; };
		5468175918204FBD0069B31C /* XCTest.framework in Frameworks */ = {isa = PBXBuildFile; fileRef = 5468175818204FBD0069B31C /* XCTest.framework */; };
		5468175A18204FBD0069B31C /* Foundation.framework in Frameworks */ = {isa = PBXBuildFile; fileRef = 5468173918204FBD0069B31C /* Foundation.framework */; };
		5468175B18204FBD0069B31C /* UIKit.framework in Frameworks */ = {isa = PBXBuildFile; fileRef = 5468173D18204FBD0069B31C /* UIKit.framework */; };
		5468176318204FBD0069B31C /* InfoPlist.strings in Resources */ = {isa = PBXBuildFile; fileRef = 5468176118204FBD0069B31C /* InfoPlist.strings */; };
		5468176518204FBD0069B31C /* CoolirisTests.m in Sources */ = {isa = PBXBuildFile; fileRef = 5468176418204FBD0069B31C /* CoolirisTests.m */; };
/* End PBXBuildFile section */

/* Begin PBXContainerItemProxy section */
		5468175C18204FBD0069B31C /* PBXContainerItemProxy */ = {
			isa = PBXContainerItemProxy;
			containerPortal = 5468172E18204FBD0069B31C /* Project object */;
			proxyType = 1;
			remoteGlobalIDString = 5468173518204FBD0069B31C;
			remoteInfo = Cooliris;
		};
/* End PBXContainerItemProxy section */

/* Begin PBXFileReference section */
		5468173618204FBD0069B31C /* Cooliris.app */ = {isa = PBXFileReference; explicitFileType = wrapper.application; includeInIndex = 0; path = Cooliris.app; sourceTree = BUILT_PRODUCTS_DIR; };
		5468173918204FBD0069B31C /* Foundation.framework */ = {isa = PBXFileReference; lastKnownFileType = wrapper.framework; name = Foundation.framework; path = System/Library/Frameworks/Foundation.framework; sourceTree = SDKROOT; };
		5468173B18204FBD0069B31C /* CoreGraphics.framework */ = {isa = PBXFileReference; lastKnownFileType = wrapper.framework; name = CoreGraphics.framework; path = System/Library/Frameworks/CoreGraphics.framework; sourceTree = SDKROOT; };
		5468173D18204FBD0069B31C /* UIKit.framework */ = {isa = PBXFileReference; lastKnownFileType = wrapper.framework; name = UIKit.framework; path = System/Library/Frameworks/UIKit.framework; sourceTree = SDKROOT; };
		5468174118204FBD0069B31C /* Cooliris-Info.plist */ = {isa = PBXFileReference; lastKnownFileType = text.plist.xml; path = "Cooliris-Info.plist"; sourceTree = "<group>"; };
		5468174318204FBD0069B31C /* en */ = {isa = PBXFileReference; lastKnownFileType = text.plist.strings; name = en; path = en.lproj/InfoPlist.strings; sourceTree = "<group>"; };
		5468174518204FBD0069B31C /* main.m */ = {isa = PBXFileReference; lastKnownFileType = sourcecode.c.objc; path = main.m; sourceTree = "<group>"; };
		5468174718204FBD0069B31C /* Cooliris-Prefix.pch */ = {isa = PBXFileReference; lastKnownFileType = sourcecode.c.h; path = "Cooliris-Prefix.pch"; sourceTree = "<group>"; };
		5468174818204FBD0069B31C /* RSSFeedAppDelegate.h */ = {isa = PBXFileReference; lastKnownFileType = sourcecode.c.h; path = RSSFeedAppDelegate.h; sourceTree = "<group>"; };
		5468174918204FBD0069B31C /* RSSFeedAppDelegate.m */ = {isa = PBXFileReference; lastKnownFileType = sourcecode.c.objc; path = RSSFeedAppDelegate.m; sourceTree = "<group>"; };
		5468174C18204FBD0069B31C /* Base */ = {isa = PBXFileReference; lastKnownFileType = file.storyboard; name = Base; path = Base.lproj/Main.storyboard; sourceTree = "<group>"; };
		5468174E18204FBD0069B31C /* RSSFeedViewController.h */ = {isa = PBXFileReference; lastKnownFileType = sourcecode.c.h; path = RSSFeedViewController.h; sourceTree = "<group>"; };
		5468174F18204FBD0069B31C /* RSSFeedViewController.m */ = {isa = PBXFileReference; lastKnownFileType = sourcecode.c.objc; path = RSSFeedViewController.m; sourceTree = "<group>"; };
		5468175118204FBD0069B31C /* Images.xcassets */ = {isa = PBXFileReference; lastKnownFileType = folder.assetcatalog; path = Images.xcassets; sourceTree = "<group>"; };
		5468175718204FBD0069B31C /* CoolirisTests.xctest */ = {isa = PBXFileReference; explicitFileType = wrapper.cfbundle; includeInIndex = 0; path = CoolirisTests.xctest; sourceTree = BUILT_PRODUCTS_DIR; };
		5468175818204FBD0069B31C /* XCTest.framework */ = {isa = PBXFileReference; lastKnownFileType = wrapper.framework; name = XCTest.framework; path = Library/Frameworks/XCTest.framework; sourceTree = DEVELOPER_DIR; };
		5468176018204FBD0069B31C /* CoolirisTests-Info.plist */ = {isa = PBXFileReference; lastKnownFileType = text.plist.xml; path = "CoolirisTests-Info.plist"; sourceTree = "<group>"; };
		5468176218204FBD0069B31C /* en */ = {isa = PBXFileReference; lastKnownFileType = text.plist.strings; name = en; path = en.lproj/InfoPlist.strings; sourceTree = "<group>"; };
		5468176418204FBD0069B31C /* CoolirisTests.m */ = {isa = PBXFileReference; lastKnownFileType = sourcecode.c.objc; path = CoolirisTests.m; sourceTree = "<group>"; };
/* End PBXFileReference section */

/* Begin PBXFrameworksBuildPhase section */
		5468173318204FBD0069B31C /* Frameworks */ = {
			isa = PBXFrameworksBuildPhase;
			buildActionMask = 2147483647;
			files = (
				5468173C18204FBD0069B31C /* CoreGraphics.framework in Frameworks */,
				5468173E18204FBD0069B31C /* UIKit.framework in Frameworks */,
				5468173A18204FBD0069B31C /* Foundation.framework in Frameworks */,
			);
			runOnlyForDeploymentPostprocessing = 0;
		};
		5468175418204FBD0069B31C /* Frameworks */ = {
			isa = PBXFrameworksBuildPhase;
			buildActionMask = 2147483647;
			files = (
				5468175918204FBD0069B31C /* XCTest.framework in Frameworks */,
				5468175B18204FBD0069B31C /* UIKit.framework in Frameworks */,
				5468175A18204FBD0069B31C /* Foundation.framework in Frameworks */,
			);
			runOnlyForDeploymentPostprocessing = 0;
		};
/* End PBXFrameworksBuildPhase section */

/* Begin PBXGroup section */
		5468172D18204FBD0069B31C = {
			isa = PBXGroup;
			children = (
				5468173F18204FBD0069B31C /* Cooliris */,
				5468175E18204FBD0069B31C /* CoolirisTests */,
				5468173818204FBD0069B31C /* Frameworks */,
				5468173718204FBD0069B31C /* Products */,
			);
			sourceTree = "<group>";
		};
		5468173718204FBD0069B31C /* Products */ = {
			isa = PBXGroup;
			children = (
				5468173618204FBD0069B31C /* Cooliris.app */,
				5468175718204FBD0069B31C /* CoolirisTests.xctest */,
			);
			name = Products;
			sourceTree = "<group>";
		};
		5468173818204FBD0069B31C /* Frameworks */ = {
			isa = PBXGroup;
			children = (
				5468173918204FBD0069B31C /* Foundation.framework */,
				5468173B18204FBD0069B31C /* CoreGraphics.framework */,
				5468173D18204FBD0069B31C /* UIKit.framework */,
				5468175818204FBD0069B31C /* XCTest.framework */,
			);
			name = Frameworks;
			sourceTree = "<group>";
		};
		5468173F18204FBD0069B31C /* Cooliris */ = {
			isa = PBXGroup;
			children = (
				5468174818204FBD0069B31C /* RSSFeedAppDelegate.h */,
				5468174918204FBD0069B31C /* RSSFeedAppDelegate.m */,
				5468174B18204FBD0069B31C /* Main.storyboard */,
				5468174E18204FBD0069B31C /* RSSFeedViewController.h */,
				5468174F18204FBD0069B31C /* RSSFeedViewController.m */,
				5468175118204FBD0069B31C /* Images.xcassets */,
				5468174018204FBD0069B31C /* Supporting Files */,
			);
			path = Cooliris;
			sourceTree = "<group>";
		};
		5468174018204FBD0069B31C /* Supporting Files */ = {
			isa = PBXGroup;
			children = (
				5468174118204FBD0069B31C /* Cooliris-Info.plist */,
				5468174218204FBD0069B31C /* InfoPlist.strings */,
				5468174518204FBD0069B31C /* main.m */,
				5468174718204FBD0069B31C /* Cooliris-Prefix.pch */,
			);
			name = "Supporting Files";
			sourceTree = "<group>";
		};
		5468175E18204FBD0069B31C /* CoolirisTests */ = {
			isa = PBXGroup;
			children = (
				5468176418204FBD0069B31C /* CoolirisTests.m */,
				5468175F18204FBD0069B31C /* Supporting Files */,
			);
			path = CoolirisTests;
			sourceTree = "<group>";
		};
		5468175F18204FBD0069B31C /* Supporting Files */ = {
			isa = PBXGroup;
			children = (
				5468176018204FBD0069B31C /* CoolirisTests-Info.plist */,
				5468176118204FBD0069B31C /* InfoPlist.strings */,
			);
			name = "Supporting Files";
			sourceTree = "<group>";
		};
/* End PBXGroup section */

/* Begin PBXNativeTarget section */
		5468173518204FBD0069B31C /* Cooliris */ = {
			isa = PBXNativeTarget;
			buildConfigurationList = 5468176818204FBD0069B31C /* Build configuration list for PBXNativeTarget "Cooliris" */;
			buildPhases = (
				5468173218204FBD0069B31C /* Sources */,
				5468173318204FBD0069B31C /* Frameworks */,
				5468173418204FBD0069B31C /* Resources */,
			);
			buildRules = (
			);
			dependencies = (
			);
			name = Cooliris;
			productName = Cooliris;
			productReference = 5468173618204FBD0069B31C /* Cooliris.app */;
			productType = "com.apple.product-type.application";
		};
		5468175618204FBD0069B31C /* CoolirisTests */ = {
			isa = PBXNativeTarget;
			buildConfigurationList = 5468176B18204FBD0069B31C /* Build configuration list for PBXNativeTarget "CoolirisTests" */;
			buildPhases = (
				5468175318204FBD0069B31C /* Sources */,
				5468175418204FBD0069B31C /* Frameworks */,
				5468175518204FBD0069B31C /* Resources */,
			);
			buildRules = (
			);
			dependencies = (
				5468175D18204FBD0069B31C /* PBXTargetDependency */,
			);
			name = CoolirisTests;
			productName = CoolirisTests;
			productReference = 5468175718204FBD0069B31C /* CoolirisTests.xctest */;
			productType = "com.apple.product-type.bundle.unit-test";
		};
/* End PBXNativeTarget section */

/* Begin PBXProject section */
		5468172E18204FBD0069B31C /* Project object */ = {
			isa = PBXProject;
			attributes = {
				CLASSPREFIX = RSSFeed;
				LastUpgradeCheck = 0500;
				ORGANIZATIONNAME = "Florian Reiss";
				TargetAttributes = {
					5468175618204FBD0069B31C = {
						TestTargetID = 5468173518204FBD0069B31C;
					};
				};
			};
			buildConfigurationList = 5468173118204FBD0069B31C /* Build configuration list for PBXProject "Cooliris" */;
			compatibilityVersion = "Xcode 3.2";
			developmentRegion = English;
			hasScannedForEncodings = 0;
			knownRegions = (
				en,
				Base,
			);
			mainGroup = 5468172D18204FBD0069B31C;
			productRefGroup = 5468173718204FBD0069B31C /* Products */;
			projectDirPath = "";
			projectRoot = "";
			targets = (
				5468173518204FBD0069B31C /* Cooliris */,
				5468175618204FBD0069B31C /* CoolirisTests */,
			);
		};
/* End PBXProject section */

/* Begin PBXResourcesBuildPhase section */
		5468173418204FBD0069B31C /* Resources */ = {
			isa = PBXResourcesBuildPhase;
			buildActionMask = 2147483647;
			files = (
				5468175218204FBD0069B31C /* Images.xcassets in Resources */,
				5468174418204FBD0069B31C /* InfoPlist.strings in Resources */,
				5468174D18204FBD0069B31C /* Main.storyboard in Resources */,
			);
			runOnlyForDeploymentPostprocessing = 0;
		};
		5468175518204FBD0069B31C /* Resources */ = {
			isa = PBXResourcesBuildPhase;
			buildActionMask = 2147483647;
			files = (
				5468176318204FBD0069B31C /* InfoPlist.strings in Resources */,
			);
			runOnlyForDeploymentPostprocessing = 0;
		};
/* End PBXResourcesBuildPhase section */

/* Begin PBXSourcesBuildPhase section */
		5468173218204FBD0069B31C /* Sources */ = {
			isa = PBXSourcesBuildPhase;
			buildActionMask = 2147483647;
			files = (
				5468174618204FBD0069B31C /* main.m in Sources */,
				5468174A18204FBD0069B31C /* RSSFeedAppDelegate.m in Sources */,
				5468175018204FBD0069B31C /* RSSFeedViewController.m in Sources */,
			);
			runOnlyForDeploymentPostprocessing = 0;
		};
		5468175318204FBD0069B31C /* Sources */ = {
			isa = PBXSourcesBuildPhase;
			buildActionMask = 2147483647;
			files = (
				5468176518204FBD0069B31C /* CoolirisTests.m in Sources */,
			);
			runOnlyForDeploymentPostprocessing = 0;
		};
/* End PBXSourcesBuildPhase section */

/* Begin PBXTargetDependency section */
		5468175D18204FBD0069B31C /* PBXTargetDependency */ = {
			isa = PBXTargetDependency;
			target = 5468173518204FBD0069B31C /* Cooliris */;
			targetProxy = 5468175C18204FBD0069B31C /* PBXContainerItemProxy */;
		};
/* End PBXTargetDependency section */

/* Begin PBXVariantGroup section */
		5468174218204FBD0069B31C /* InfoPlist.strings */ = {
			isa = PBXVariantGroup;
			children = (
				5468174318204FBD0069B31C /* en */,
			);
			name = InfoPlist.strings;
			sourceTree = "<group>";
		};
		5468174B18204FBD0069B31C /* Main.storyboard */ = {
			isa = PBXVariantGroup;
			children = (
				5468174C18204FBD0069B31C /* Base */,
			);
			name = Main.storyboard;
			sourceTree = "<group>";
		};
		5468176118204FBD0069B31C /* InfoPlist.strings */ = {
			isa = PBXVariantGroup;
			children = (
				5468176218204FBD0069B31C /* en */,
			);
			name = InfoPlist.strings;
			sourceTree = "<group>";
		};
/* End PBXVariantGroup section */

/* Begin XCBuildConfiguration section */
		5468176618204FBD0069B31C /* Debug */ = {
			isa = XCBuildConfiguration;
			buildSettings = {
				ALWAYS_SEARCH_USER_PATHS = NO;
				ARCHS = "$(ARCHS_STANDARD_INCLUDING_64_BIT)";
				CLANG_CXX_LANGUAGE_STANDARD = "gnu++0x";
				CLANG_CXX_LIBRARY = "libc++";
				CLANG_ENABLE_MODULES = YES;
				CLANG_ENABLE_OBJC_ARC = YES;
				CLANG_WARN_BOOL_CONVERSION = YES;
				CLANG_WARN_CONSTANT_CONVERSION = YES;
				CLANG_WARN_DIRECT_OBJC_ISA_USAGE = YES_ERROR;
				CLANG_WARN_EMPTY_BODY = YES;
				CLANG_WARN_ENUM_CONVERSION = YES;
				CLANG_WARN_INT_CONVERSION = YES;
				CLANG_WARN_OBJC_ROOT_CLASS = YES_ERROR;
				CLANG_WARN__DUPLICATE_METHOD_MATCH = YES;
				"CODE_SIGN_IDENTITY[sdk=iphoneos*]" = "iPhone Developer";
				COPY_PHASE_STRIP = NO;
				GCC_C_LANGUAGE_STANDARD = gnu99;
				GCC_DYNAMIC_NO_PIC = NO;
				GCC_OPTIMIZATION_LEVEL = 0;
				GCC_PREPROCESSOR_DEFINITIONS = (
					"DEBUG=1",
					"$(inherited)",
				);
				GCC_SYMBOLS_PRIVATE_EXTERN = NO;
				GCC_WARN_64_TO_32_BIT_CONVERSION = YES;
				GCC_WARN_ABOUT_RETURN_TYPE = YES_ERROR;
				GCC_WARN_UNDECLARED_SELECTOR = YES;
				GCC_WARN_UNINITIALIZED_AUTOS = YES;
				GCC_WARN_UNUSED_FUNCTION = YES;
				GCC_WARN_UNUSED_VARIABLE = YES;
				IPHONEOS_DEPLOYMENT_TARGET = 7.0;
				ONLY_ACTIVE_ARCH = YES;
				SDKROOT = iphoneos;
			};
			name = Debug;
		};
		5468176718204FBD0069B31C /* Release */ = {
			isa = XCBuildConfiguration;
			buildSettings = {
				ALWAYS_SEARCH_USER_PATHS = NO;
				ARCHS = "$(ARCHS_STANDARD_INCLUDING_64_BIT)";
				CLANG_CXX_LANGUAGE_STANDARD = "gnu++0x";
				CLANG_CXX_LIBRARY = "libc++";
				CLANG_ENABLE_MODULES = YES;
				CLANG_ENABLE_OBJC_ARC = YES;
				CLANG_WARN_BOOL_CONVERSION = YES;
				CLANG_WARN_CONSTANT_CONVERSION = YES;
				CLANG_WARN_DIRECT_OBJC_ISA_USAGE = YES_ERROR;
				CLANG_WARN_EMPTY_BODY = YES;
				CLANG_WARN_ENUM_CONVERSION = YES;
				CLANG_WARN_INT_CONVERSION = YES;
				CLANG_WARN_OBJC_ROOT_CLASS = YES_ERROR;
				CLANG_WARN__DUPLICATE_METHOD_MATCH = YES;
				"CODE_SIGN_IDENTITY[sdk=iphoneos*]" = "iPhone Developer";
				COPY_PHASE_STRIP = YES;
				ENABLE_NS_ASSERTIONS = NO;
				GCC_C_LANGUAGE_STANDARD = gnu99;
				GCC_WARN_64_TO_32_BIT_CONVERSION = YES;
				GCC_WARN_ABOUT_RETURN_TYPE = YES_ERROR;
				GCC_WARN_UNDECLARED_SELECTOR = YES;
				GCC_WARN_UNINITIALIZED_AUTOS = YES;
				GCC_WARN_UNUSED_FUNCTION = YES;
				GCC_WARN_UNUSED_VARIABLE = YES;
				IPHONEOS_DEPLOYMENT_TARGET = 7.0;
				SDKROOT = iphoneos;
				VALIDATE_PRODUCT = YES;
			};
			name = Release;
		};
		5468176918204FBD0069B31C /* Debug */ = {
			isa = XCBuildConfiguration;
			buildSettings = {
				ASSETCATALOG_COMPILER_APPICON_NAME = AppIcon;
				ASSETCATALOG_COMPILER_LAUNCHIMAGE_NAME = LaunchImage;
				GCC_PRECOMPILE_PREFIX_HEADER = YES;
				GCC_PREFIX_HEADER = "Cooliris/Cooliris-Prefix.pch";
				INFOPLIST_FILE = "Cooliris/Cooliris-Info.plist";
				PRODUCT_NAME = "$(TARGET_NAME)";
				WRAPPER_EXTENSION = app;
			};
			name = Debug;
		};
		5468176A18204FBD0069B31C /* Release */ = {
			isa = XCBuildConfiguration;
			buildSettings = {
				ASSETCATALOG_COMPILER_APPICON_NAME = AppIcon;
				ASSETCATALOG_COMPILER_LAUNCHIMAGE_NAME = LaunchImage;
				GCC_PRECOMPILE_PREFIX_HEADER = YES;
				GCC_PREFIX_HEADER = "Cooliris/Cooliris-Prefix.pch";
				INFOPLIST_FILE = "Cooliris/Cooliris-Info.plist";
				PRODUCT_NAME = "$(TARGET_NAME)";
				WRAPPER_EXTENSION = app;
			};
			name = Release;
		};
		5468176C18204FBD0069B31C /* Debug */ = {
			isa = XCBuildConfiguration;
			buildSettings = {
				ARCHS = "$(ARCHS_STANDARD_INCLUDING_64_BIT)";
				BUNDLE_LOADER = "$(BUILT_PRODUCTS_DIR)/Cooliris.app/Cooliris";
				FRAMEWORK_SEARCH_PATHS = (
					"$(SDKROOT)/Developer/Library/Frameworks",
					"$(inherited)",
					"$(DEVELOPER_FRAMEWORKS_DIR)",
				);
				GCC_PRECOMPILE_PREFIX_HEADER = YES;
				GCC_PREFIX_HEADER = "Cooliris/Cooliris-Prefix.pch";
				GCC_PREPROCESSOR_DEFINITIONS = (
					"DEBUG=1",
					"$(inherited)",
				);
				INFOPLIST_FILE = "CoolirisTests/CoolirisTests-Info.plist";
				PRODUCT_NAME = "$(TARGET_NAME)";
				TEST_HOST = "$(BUNDLE_LOADER)";
				WRAPPER_EXTENSION = xctest;
			};
			name = Debug;
		};
		5468176D18204FBD0069B31C /* Release */ = {
			isa = XCBuildConfiguration;
			buildSettings = {
				ARCHS = "$(ARCHS_STANDARD_INCLUDING_64_BIT)";
				BUNDLE_LOADER = "$(BUILT_PRODUCTS_DIR)/Cooliris.app/Cooliris";
				FRAMEWORK_SEARCH_PATHS = (
					"$(SDKROOT)/Developer/Library/Frameworks",
					"$(inherited)",
					"$(DEVELOPER_FRAMEWORKS_DIR)",
				);
				GCC_PRECOMPILE_PREFIX_HEADER = YES;
				GCC_PREFIX_HEADER = "Cooliris/Cooliris-Prefix.pch";
				INFOPLIST_FILE = "CoolirisTests/CoolirisTests-Info.plist";
				PRODUCT_NAME = "$(TARGET_NAME)";
				TEST_HOST = "$(BUNDLE_LOADER)";
				WRAPPER_EXTENSION = xctest;
			};
			name = Release;
		};
/* End XCBuildConfiguration section */

/* Begin XCConfigurationList section */
		5468173118204FBD0069B31C /* Build configuration list for PBXProject "Cooliris" */ = {
			isa = XCConfigurationList;
			buildConfigurations = (
				5468176618204FBD0069B31C /* Debug */,
				5468176718204FBD0069B31C /* Release */,
			);
			defaultConfigurationIsVisible = 0;
			defaultConfigurationName = Release;
		};
		5468176818204FBD0069B31C /* Build configuration list for PBXNativeTarget "Cooliris" */ = {
			isa = XCConfigurationList;
			buildConfigurations = (
				5468176918204FBD0069B31C /* Debug */,
				5468176A18204FBD0069B31C /* Release */,
			);
			defaultConfigurationIsVisible = 0;
		};
		5468176B18204FBD0069B31C /* Build configuration list for PBXNativeTarget "CoolirisTests" */ = {
			isa = XCConfigurationList;
			buildConfigurations = (
				5468176C18204FBD0069B31C /* Debug */,
				5468176D18204FBD0069B31C /* Release */,
			);
			defaultConfigurationIsVisible = 0;
		};
/* End XCConfigurationList section */
	};
	rootObject = 5468172E18204FBD0069B31C /* Project object */;
}
